
Microsoft Visual Studio Solution File, Format Version 12.00
# Visual Studio Version 17
VisualStudioVersion = 17.0.31903.59
MinimumVisualStudioVersion = 10.0.40219.1
Project("{FAE04EC0-301F-11D3-BF4B-00C04F79EFBC}") = "Host", "Host\Host.csproj", "{6A2F22F9-235B-4732-9852-764591FE5E0B}"
EndProject
Project("{FAE04EC0-301F-11D3-BF4B-00C04F79EFBC}") = "Shared", "Shared\Shared.csproj", "{91E18552-6E7F-48DC-8DE5-36FE09E728A3}"
EndProject
Project("{FAE04EC0-301F-11D3-BF4B-00C04F79EFBC}") = "Client", "Client\Client.csproj", "{0362A782-8767-47C6-A5AB-A912C329C90E}"
EndProject
Global
	GlobalSection(SolutionConfigurationPlatforms) = preSolution
		Debug|Any CPU = Debug|Any CPU
		Debug|x64 = Debug|x64
		Debug|x86 = Debug|x86
		Release|Any CPU = Release|Any CPU
		Release|x64 = Release|x64
		Release|x86 = Release|x86
	EndGlobalSection
	GlobalSection(ProjectConfigurationPlatforms) = postSolution
		{6A2F22F9-235B-4732-9852-764591FE5E0B}.Debug|Any CPU.ActiveCfg = Debug|Any CPU
		{6A2F22F9-235B-4732-9852-764591FE5E0B}.Debug|Any CPU.Build.0 = Debug|Any CPU
		{6A2F22F9-235B-4732-9852-764591FE5E0B}.Debug|x64.ActiveCfg = Debug|Any CPU
		{6A2F22F9-235B-4732-9852-764591FE5E0B}.Debug|x64.Build.0 = Debug|Any CPU
		{6A2F22F9-235B-4732-9852-764591FE5E0B}.Debug|x86.ActiveCfg = Debug|Any CPU
		{6A2F22F9-235B-4732-9852-764591FE5E0B}.Debug|x86.Build.0 = Debug|Any CPU
		{6A2F22F9-235B-4732-9852-764591FE5E0B}.Release|Any CPU.ActiveCfg = Release|Any CPU
		{6A2F22F9-235B-4732-9852-764591FE5E0B}.Release|Any CPU.Build.0 = Release|Any CPU
		{6A2F22F9-235B-4732-9852-764591FE5E0B}.Release|x64.ActiveCfg = Release|Any CPU
		{6A2F22F9-235B-4732-9852-764591FE5E0B}.Release|x64.Build.0 = Release|Any CPU
		{6A2F22F9-235B-4732-9852-764591FE5E0B}.Release|x86.ActiveCfg = Release|Any CPU
		{6A2F22F9-235B-4732-9852-764591FE5E0B}.Release|x86.Build.0 = Release|Any CPU
		{91E18552-6E7F-48DC-8DE5-36FE09E728A3}.Debug|Any CPU.ActiveCfg = Debug|Any CPU
		{91E18552-6E7F-48DC-8DE5-36FE09E728A3}.Debug|Any CPU.Build.0 = Debug|Any CPU
		{91E18552-6E7F-48DC-8DE5-36FE09E728A3}.Debug|x64.ActiveCfg = Debug|Any CPU
		{91E18552-6E7F-48DC-8DE5-36FE09E728A3}.Debug|x64.Build.0 = Debug|Any CPU
		{91E18552-6E7F-48DC-8DE5-36FE09E728A3}.Debug|x86.ActiveCfg = Debug|Any CPU
		{91E18552-6E7F-48DC-8DE5-36FE09E728A3}.Debug|x86.Build.0 = Debug|Any CPU
		{91E18552-6E7F-48DC-8DE5-36FE09E728A3}.Release|Any CPU.ActiveCfg = Release|Any CPU
		{91E18552-6E7F-48DC-8DE5-36FE09E728A3}.Release|Any CPU.Build.0 = Release|Any CPU
		{91E18552-6E7F-48DC-8DE5-36FE09E728A3}.Release|x64.ActiveCfg = Release|Any CPU
		{91E18552-6E7F-48DC-8DE5-36FE09E728A3}.Release|x64.Build.0 = Release|Any CPU
		{91E18552-6E7F-48DC-8DE5-36FE09E728A3}.Release|x86.ActiveCfg = Release|Any CPU
		{91E18552-6E7F-48DC-8DE5-36FE09E728A3}.Release|x86.Build.0 = Release|Any CPU
		{0362A782-8767-47C6-A5AB-A912C329C90E}.Debug|Any CPU.ActiveCfg = Debug|Any CPU
		{0362A782-8767-47C6-A5AB-A912C329C90E}.Debug|Any CPU.Build.0 = Debug|Any CPU
		{0362A782-8767-47C6-A5AB-A912C329C90E}.Debug|x64.ActiveCfg = Debug|Any CPU
		{0362A782-8767-47C6-A5AB-A912C329C90E}.Debug|x64.Build.0 = Debug|Any CPU
		{0362A782-8767-47C6-A5AB-A912C329C90E}.Debug|x86.ActiveCfg = Debug|Any CPU
		{0362A782-8767-47C6-A5AB-A912C329C90E}.Debug|x86.Build.0 = Debug|Any CPU
		{0362A782-8767-47C6-A5AB-A912C329C90E}.Release|Any CPU.ActiveCfg = Release|Any CPU
		{0362A782-8767-47C6-A5AB-A912C329C90E}.Release|Any CPU.Build.0 = Release|Any CPU
		{0362A782-8767-47C6-A5AB-A912C329C90E}.Release|x64.ActiveCfg = Release|Any CPU
		{0362A782-8767-47C6-A5AB-A912C329C90E}.Release|x64.Build.0 = Release|Any CPU
		{0362A782-8767-47C6-A5AB-A912C329C90E}.Release|x86.ActiveCfg = Release|Any CPU
		{0362A782-8767-47C6-A5AB-A912C329C90E}.Release|x86.Build.0 = Release|Any CPU
	EndGlobalSection
	GlobalSection(SolutionProperties) = preSolution
		HideSolutionNode = FALSE
	EndGlobalSection
EndGlobal
